
Microsoft Visual Studio Solution File, Format Version 12.00
# Visual Studio 15
VisualStudioVersion = 15.0.28307.1169
MinimumVisualStudioVersion = 10.0.40219.1
Project("{FAE04EC0-301F-11D3-BF4B-00C04F79EFBC}") = "PerformanceWebApp", "PerformanceWebApp\PerformanceWebApp.csproj", "{DE30E983-8EF6-4D65-82FB-8955BFEF35DD}"
EndProject
Project("{FAE04EC0-301F-11D3-BF4B-00C04F79EFBC}") = "PerformanceWebApp.Tests", "PerformanceWebApp.Tests\PerformanceWebApp.Tests.csproj", "{8CC8CA78-4A66-4661-BA61-9769B019B1B6}"
EndProject
Global
	GlobalSection(SolutionConfigurationPlatforms) = preSolution
		Debug|Any CPU = Debug|Any CPU
		Release|Any CPU = Release|Any CPU
	EndGlobalSection
	GlobalSection(ProjectConfigurationPlatforms) = postSolution
		{DE30E983-8EF6-4D65-82FB-8955BFEF35DD}.Debug|Any CPU.ActiveCfg = Debug|Any CPU
		{DE30E983-8EF6-4D65-82FB-8955BFEF35DD}.Debug|Any CPU.Build.0 = Debug|Any CPU
		{DE30E983-8EF6-4D65-82FB-8955BFEF35DD}.Release|Any CPU.ActiveCfg = Release|Any CPU
		{DE30E983-8EF6-4D65-82FB-8955BFEF35DD}.Release|Any CPU.Build.0 = Release|Any CPU
		{8CC8CA78-4A66-4661-BA61-9769B019B1B6}.Debug|Any CPU.ActiveCfg = Debug|Any CPU
		{8CC8CA78-4A66-4661-BA61-9769B019B1B6}.Debug|Any CPU.Build.0 = Debug|Any CPU
		{8CC8CA78-4A66-4661-BA61-9769B019B1B6}.Release|Any CPU.ActiveCfg = Release|Any CPU
		{8CC8CA78-4A66-4661-BA61-9769B019B1B6}.Release|Any CPU.Build.0 = Release|Any CPU
	EndGlobalSection
	GlobalSection(SolutionProperties) = preSolution
		HideSolutionNode = FALSE
	EndGlobalSection
	GlobalSection(ExtensibilityGlobals) = postSolution
		SolutionGuid = {58136171-5A01-416F-940F-7AF5B5416428}
	EndGlobalSection
EndGlobal
